{
  "lockfileVersion": 1,
  "configVersion": 1,
  "workspaces": {
    "": {
      "name": "sottoly-engine",
      "dependencies": {
        "@ai-sdk/anthropic": "^4.0.71",
        "@ai-sdk/typesafe-ai": "^3.0.12",
        "ai": "^7.0.127",
        "zod": "^4",
      },
      "devDependencies": {
        "@types/bun": "latest",
        "typescript": "^5.6.0",
      },
    },
  },
  "packages": {
    "@ai-sdk/anthropic": ["@ai-sdk/anthropic@4.0.71", "", { "dependencies": { "@ai-sdk/provider": "4.0.21", "@ai-sdk/provider-utils": "5.0.53" }, "peerDependencies": { "zod": "^3.25.76 || ^4.1.8" } }, "sha512-wiv3jhUH0RrvGzSolJMZfZ2cI9As45LhwYmcAoWvNivXjC7wzJ4W/Udq9/u7EGnGsT8lpmFKEKBrMXVeUO97Dg=="],

    "@ai-sdk/gateway": ["@ai-sdk/gateway@4.0.103", "", { "dependencies": { "@ai-sdk/provider": "4.0.21", "@ai-sdk/provider-utils": "5.0.53", "@vercel/oidc": "3.2.0" }, "peerDependencies": { "zod": "^3.25.76 || ^4.1.8" } }, "sha512-nnGTUHzPRQ14jhv9CL4OQrzcRBIFTBMIPKGIi9Z9u/4GtwSRxa/nxUX6np2Iwp5phOzO0a0njj/j9Jolf5AEaA=="],

    "@ai-sdk/provider": ["@ai-sdk/provider@4.0.21", "", { "dependencies": { "json-schema": "^0.4.0" } }, "sha512-UpbC9C1oht8dhfKPbVXSLRZS3DI8uk8n5v2uMjBPNIYGsC2kL045ywq7D8Hh9KgnH9rP5W/GxQdYtWScRouqlA=="],

    "@ai-sdk/provider-utils": ["@ai-sdk/provider-utils@5.0.53", "", { "dependencies": { "@ai-sdk/provider": "4.0.21", "@standard-schema/spec": "^1.1.0", "@workflow/serde": "4.1.0", "eventsource-parser": "^3.0.8", "undici": "^7.29.0" }, "peerDependencies": { "zod": "^3.25.76 || ^4.1.8" } }, "sha512-VVe6UDd0y0/B4TfauuKKzcppqvhTmSluwwUVT4WG2/8h7gFbyFm7PM4UGM+ZXe3/RI6bv+Vl1cw/7aiBoQqdxg=="],

    "@ai-sdk/typesafe-ai": ["@ai-sdk/typesafe-ai@3.0.12", "", { "dependencies": { "@ai-sdk/provider": "4.0.21", "@ai-sdk/provider-utils": "5.0.53" }, "peerDependencies": { "zod": "^3.25.76 || ^4.1.8" } }, "sha512-XbwOzWckIDSBPJTFLp2JnmGhdkxeQ1s4fwRGMgo0aubdp66AhnD9/I0CAnC8nESJlns5oGfXICC4m/NTGO6/uA=="],

    "@standard-schema/spec": ["@standard-schema/spec@1.1.0", "", {}, "sha512-l2aFy5jALhniG5HgqrD6jXLi/rUWrKvqN/qJx6yoJsgKhblVd+iqqU4RCXavm/jPityDo5TCvKMnpjKnOriy0w=="],

    "@types/bun": ["@types/bun@1.4.2", "", { "dependencies": { "bun-types": "1.4.2" } }, "sha512-GimotNn7+ZV0uVArItBbriZsR1oNf0+WTzPkdcFrzShI7k2norL0uzEaJT8T33dWr7O/c9ZDuAFQrctKCi72oQ=="],

    "@types/node": ["@types/node@26.6.4", "", { "dependencies": { "undici-types": "~8.9.0" } }, "sha512-ldVPDCzj7fsaGZrLB0NuHuTvJcsNasysBAqMolr/cgxrLd1xbqxIr3XJiPnHHJUCxj5sNF1vnRj9aWnrVh5Jcg=="],

    "@vercel/oidc": ["@vercel/oidc@3.2.0", "", {}, "sha512-UycprH3T6n3jH0k44NHMa7pnFHGu/N05MjojYr+Mc6I7obkoLIJujSWwin1pCvdy/eOxrI/l3uDLQsmcrOb4ug=="],

    "@workflow/serde": ["@workflow/serde@4.1.0", "", {}, "sha512-pav4F2BoirECWR7Nf1TKt+2eETcBj7jj4cBefQ8VXQCA6NPkaKeLfj/zMgi+3zYV5ZIBT4GuUiphsj0/b9hPQQ=="],

    "ai": ["ai@7.0.127", "", { "dependencies": { "@ai-sdk/gateway": "4.0.103", "@ai-sdk/provider": "4.0.21", "@ai-sdk/provider-utils": "5.0.53" }, "peerDependencies": { "zod": "^3.25.76 || ^4.1.8" } }, "sha512-JNsNPk4ZvRGEJuqdVo2lYFkm7uAuf3p/RwKFWn1Wh/+IK3U1RyFWw2GXoFnhzqNfxEuj7XJB4WpIUhl1sHToWg=="],

    "bun-types": ["bun-types@1.4.2", "", { "dependencies": { "@types/node": "*" } }, "sha512-bxV1FgK7yBIzjRe5zBozIM4Bem11ZJcCXSrjWRG3YWLt8yFDePu4cLjpebO8OvPeIE9trbyPF4fuj3Cia4Fj3w=="],

    "eventsource-parser": ["eventsource-parser@3.1.1", "", {}, "sha512-EKN1vKAMcZ8MlYMpaNuxN6R9yakzH6uajHcHVTqWJzvu5pWw9DyhbP35HH8MVBQ+dZjAfDxk+A8NiR9KWaXiyQ=="],

    "json-schema": ["json-schema@0.4.0", "", {}, "sha512-es94M3nTIfsEPisRafak+HDLfHXnKBhV3vU5eqPcS3flIWqcxJWgXHXiey3YrpaNsanY5ei1VoYEbOzijuq9BA=="],

    "typescript": ["typescript@5.9.3", "", { "bin": { "tsc": "bin/tsc", "tsserver": "bin/tsserver" } }, "sha512-jl1vZzPDinLr9eUt3J/t7V6FgNEw9QjvBPdysz9KfQDD41fQrC2Y4vKQdiaUpFT4bXlb1RHhLpp8wtm6M5TgSw=="],

    "undici": ["undici@7.30.0", "", {}, "sha512-dkrQXeHSaoamnItlYbmzG0wFYrM0ZwDxCIg0A7aKjTyyhh9svRzCNFEzV+Vm05/yehjCzjDZ31KXfGEjYSztDQ=="],

    "undici-types": ["undici-types@8.9.0", "", {}, "sha512-KTDyRTYX8sWmKXAikPHHSyc63CRPETMctyjKFupcC6OBLXT3xsN0e9aF7m+mIXutFWpUXuedtowG7iLOzp0kQg=="],

    "zod": ["zod@4.6.5", "", {}, "sha512-v5l/aFXZQeai4awLbOpSoHecE9UiMrnfx75tEXLjNonXVARxQ5mOeipTjROUchszUNCqnE+hqAMujRsRHsut2Q=="],
  }
}
